
Microsoft Visual Studio Solution File, Format Version 12.00
# Visual Studio 15
VisualStudioVersion = 15.0.28307.2017
MinimumVisualStudioVersion = 10.0.40219.1
Project("{FAE04EC0-301F-11D3-BF4B-00C04F79EFBC}") = "Assignment 1", "Assignment 1\Assignment 1.csproj", "{070F5E35-B218-4316-9F52-7E82A8A5FBFD}"
EndProject
Global
	GlobalSection(SolutionConfigurationPlatforms) = preSolution
		Debug|Any CPU = Debug|Any CPU
		Release|Any CPU = Release|Any CPU
	EndGlobalSection
	GlobalSection(ProjectConfigurationPlatforms) = postSolution
		{070F5E35-B218-4316-9F52-7E82A8A5FBFD}.Debug|Any CPU.ActiveCfg = Debug|Any CPU
		{070F5E35-B218-4316-9F52-7E82A8A5FBFD}.Debug|Any CPU.Build.0 = Debug|Any CPU
		{070F5E35-B218-4316-9F52-7E82A8A5FBFD}.Release|Any CPU.ActiveCfg = Release|Any CPU
		{070F5E35-B218-4316-9F52-7E82A8A5FBFD}.Release|Any CPU.Build.0 = Release|Any CPU
	EndGlobalSection
	GlobalSection(SolutionProperties) = preSolution
		HideSolutionNode = FALSE
	EndGlobalSection
	GlobalSection(ExtensibilityGlobals) = postSolution
		SolutionGuid = {1D1FB8E4-B168-4202-8CF0-C18AF5E1EB44}
	EndGlobalSection
EndGlobal
